{
  "nodes": {
    "nixpkgs": {
      "locked": {
        "lastModified": 1737507713,
        "narHash": "sha256-w5xL1oUVRZRC6mZ9CcuhfLn3b1vB5SXEMyzBQH8btvc=",
        "owner": "NixOS",
        "repo": "nixpkgs",
        "rev": "0d6514cc638f30997676f5be71317c7dc917ef0f",
        "type": "github"
      },
      "original": {
        "id": "nixpkgs",
        "ref": "nixos-24.11-small",
        "type": "indirect"
      }
    },
    "root": {
      "inputs": {
        "nixpkgs": "nixpkgs"
      }
    }
  },
  "root": "root",
  "version": 7
}
